// !$*UTF8*$!
{
	archiveVersion = 1;
	classes = {
	};
	objectVersion = 50;
	objects = {

/* Begin PBXBuildFile section */
		8651931C25C8FBF4001B7D87 /* AppDelegate.swift in Sources */ = {isa = PBXBuildFile; fileRef = 8651931B25C8FBF4001B7D87 /* AppDelegate.swift */; };
		8651931E25C8FBF4001B7D87 /* SceneDelegate.swift in Sources */ = {isa = PBXBuildFile; fileRef = 8651931D25C8FBF4001B7D87 /* SceneDelegate.swift */; };
		8651932025C8FBF4001B7D87 /* ContentView.swift in Sources */ = {isa = PBXBuildFile; fileRef = 8651931F25C8FBF4001B7D87 /* ContentView.swift */; };
		8651932225C8FBF6001B7D87 /* Assets.xcassets in Resources */ = {isa = PBXBuildFile; fileRef = 8651932125C8FBF6001B7D87 /* Assets.xcassets */; };
		8651932525C8FBF6001B7D87 /* Preview Assets.xcassets in Resources */ = {isa = PBXBuildFile; fileRef = 8651932425C8FBF6001B7D87 /* Preview Assets.xcassets */; };
		8651932825C8FBF6001B7D87 /* LaunchScreen.storyboard in Resources */ = {isa = PBXBuildFile; fileRef = 8651932625C8FBF6001B7D87 /* LaunchScreen.storyboard */; };
/* End PBXBuildFile section */

/* Begin PBXContainerItemProxy section */
		8651932F25C8FBF6001B7D87 /* PBXContainerItemProxy */ = {
			isa = PBXContainerItemProxy;
			containerPortal = 8651931025C8FBF4001B7D87 /* Project object */;
			proxyType = 1;
			remoteGlobalIDString = 8651931725C8FBF4001B7D87;
			remoteInfo = "Bikin keranjang";
		};
		8651933A25C8FBF6001B7D87 /* PBXContainerItemProxy */ = {
			isa = PBXContainerItemProxy;
			containerPortal = 8651931025C8FBF4001B7D87 /* Project object */;
			proxyType = 1;
			remoteGlobalIDString = 8651931725C8FBF4001B7D87;
			remoteInfo = "Bikin keranjang";
		};
/* End PBXContainerItemProxy section */

/* Begin PBXFileReference section */
		8651931825C8FBF4001B7D87 /* Bikin keranjang.app */ = {isa = PBXFileReference; explicitFileType = wrapper.application; includeInIndex = 0; path = "Bikin keranjang.app"; sourceTree = BUILT_PRODUCTS_DIR; };
		8651931B25C8FBF4001B7D87 /* AppDelegate.swift */ = {isa = PBXFileReference; lastKnownFileType = sourcecode.swift; path = AppDelegate.swift; sourceTree = "<group>"; };
		8651931D25C8FBF4001B7D87 /* SceneDelegate.swift */ = {isa = PBXFileReference; lastKnownFileType = sourcecode.swift; path = SceneDelegate.swift; sourceTree = "<group>"; };
		8651931F25C8FBF4001B7D87 /* ContentView.swift */ = {isa = PBXFileReference; lastKnownFileType = sourcecode.swift; path = ContentView.swift; sourceTree = "<group>"; };
		8651932125C8FBF6001B7D87 /* Assets.xcassets */ = {isa = PBXFileReference; lastKnownFileType = folder.assetcatalog; path = Assets.xcassets; sourceTree = "<group>"; };
		8651932425C8FBF6001B7D87 /* Preview Assets.xcassets */ = {isa = PBXFileReference; lastKnownFileType = folder.assetcatalog; path = "Preview Assets.xcassets"; sourceTree = "<group>"; };
		8651932725C8FBF6001B7D87 /* Base */ = {isa = PBXFileReference; lastKnownFileType = file.storyboard; name = Base; path = Base.lproj/LaunchScreen.storyboard; sourceTree = "<group>"; };
		8651932925C8FBF6001B7D87 /* Info.plist */ = {isa = PBXFileReference; lastKnownFileType = text.plist.xml; path = Info.plist; sourceTree = "<group>"; };
		8651932E25C8FBF6001B7D87 /* Bikin keranjangTests.xctest */ = {isa = PBXFileReference; explicitFileType = wrapper.cfbundle; includeInIndex = 0; path = "Bikin keranjangTests.xctest"; sourceTree = BUILT_PRODUCTS_DIR; };
		8651933925C8FBF6001B7D87 /* Bikin keranjangUITests.xctest */ = {isa = PBXFileReference; explicitFileType = wrapper.cfbundle; includeInIndex = 0; path = "Bikin keranjangUITests.xctest"; sourceTree = BUILT_PRODUCTS_DIR; };
/* End PBXFileReference section */

/* Begin PBXFrameworksBuildPhase section */
		8651931525C8FBF4001B7D87 /* Frameworks */ = {
			isa = PBXFrameworksBuildPhase;
			buildActionMask = 2147483647;
			files = (
			);
			runOnlyForDeploymentPostprocessing = 0;
		};
		8651932B25C8FBF6001B7D87 /* Frameworks */ = {
			isa = PBXFrameworksBuildPhase;
			buildActionMask = 2147483647;
			files = (
			);
			runOnlyForDeploymentPostprocessing = 0;
		};
		8651933625C8FBF6001B7D87 /* Frameworks */ = {
			isa = PBXFrameworksBuildPhase;
			buildActionMask = 2147483647;
			files = (
			);
			runOnlyForDeploymentPostprocessing = 0;
		};
/* End PBXFrameworksBuildPhase section */

/* Begin PBXGroup section */
		8651930F25C8FBF4001B7D87 = {
			isa = PBXGroup;
			children = (
				8651931A25C8FBF4001B7D87 /* Bikin keranjang */,
				8651931925C8FBF4001B7D87 /* Products */,
			);
			sourceTree = "<group>";
		};
		8651931925C8FBF4001B7D87 /* Products */ = {
			isa = PBXGroup;
			children = (
				8651931825C8FBF4001B7D87 /* Bikin keranjang.app */,
				8651932E25C8FBF6001B7D87 /* Bikin keranjangTests.xctest */,
				8651933925C8FBF6001B7D87 /* Bikin keranjangUITests.xctest */,
			);
			name = Products;
			sourceTree = "<group>";
		};
		8651931A25C8FBF4001B7D87 /* Bikin keranjang */ = {
			isa = PBXGroup;
			children = (
				8651931B25C8FBF4001B7D87 /* AppDelegate.swift */,
				8651931D25C8FBF4001B7D87 /* SceneDelegate.swift */,
				8651931F25C8FBF4001B7D87 /* ContentView.swift */,
				8651932125C8FBF6001B7D87 /* Assets.xcassets */,
				8651932625C8FBF6001B7D87 /* LaunchScreen.storyboard */,
				8651932925C8FBF6001B7D87 /* Info.plist */,
				8651932325C8FBF6001B7D87 /* Preview Content */,
			);
			path = "Bikin keranjang";
			sourceTree = "<group>";
		};
		8651932325C8FBF6001B7D87 /* Preview Content */ = {
			isa = PBXGroup;
			children = (
				8651932425C8FBF6001B7D87 /* Preview Assets.xcassets */,
			);
			path = "Preview Content";
			sourceTree = "<group>";
		};
/* End PBXGroup section */

/* Begin PBXNativeTarget section */
		8651931725C8FBF4001B7D87 /* Bikin keranjang */ = {
			isa = PBXNativeTarget;
			buildConfigurationList = 8651934225C8FBF6001B7D87 /* Build configuration list for PBXNativeTarget "Bikin keranjang" */;
			buildPhases = (
				8651931425C8FBF4001B7D87 /* Sources */,
				8651931525C8FBF4001B7D87 /* Frameworks */,
				8651931625C8FBF4001B7D87 /* Resources */,
			);
			buildRules = (
			);
			dependencies = (
			);
			name = "Bikin keranjang";
			productName = "Bikin keranjang";
			productReference = 8651931825C8FBF4001B7D87 /* Bikin keranjang.app */;
			productType = "com.apple.product-type.application";
		};
		8651932D25C8FBF6001B7D87 /* Bikin keranjangTests */ = {
			isa = PBXNativeTarget;
			buildConfigurationList = 8651934525C8FBF6001B7D87 /* Build configuration list for PBXNativeTarget "Bikin keranjangTests" */;
			buildPhases = (
				8651932A25C8FBF6001B7D87 /* Sources */,
				8651932B25C8FBF6001B7D87 /* Frameworks */,
				8651932C25C8FBF6001B7D87 /* Resources */,
			);
			buildRules = (
			);
			dependencies = (
				8651933025C8FBF6001B7D87 /* PBXTargetDependency */,
			);
			name = "Bikin keranjangTests";
			productName = "Bikin keranjangTests";
			productReference = 8651932E25C8FBF6001B7D87 /* Bikin keranjangTests.xctest */;
			productType = "com.apple.product-type.bundle.unit-test";
		};
		8651933825C8FBF6001B7D87 /* Bikin keranjangUITests */ = {
			isa = PBXNativeTarget;
			buildConfigurationList = 8651934825C8FBF6001B7D87 /* Build configuration list for PBXNativeTarget "Bikin keranjangUITests" */;
			buildPhases = (
				8651933525C8FBF6001B7D87 /* Sources */,
				8651933625C8FBF6001B7D87 /* Frameworks */,
				8651933725C8FBF6001B7D87 /* Resources */,
			);
			buildRules = (
			);
			dependencies = (
				8651933B25C8FBF6001B7D87 /* PBXTargetDependency */,
			);
			name = "Bikin keranjangUITests";
			productName = "Bikin keranjangUITests";
			productReference = 8651933925C8FBF6001B7D87 /* Bikin keranjangUITests.xctest */;
			productType = "com.apple.product-type.bundle.ui-testing";
		};
/* End PBXNativeTarget section */

/* Begin PBXProject section */
		8651931025C8FBF4001B7D87 /* Project object */ = {
			isa = PBXProject;
			attributes = {
				LastSwiftUpdateCheck = 1200;
				LastUpgradeCheck = 1200;
				TargetAttributes = {
					8651931725C8FBF4001B7D87 = {
						CreatedOnToolsVersion = 12.0.1;
					};
					8651932D25C8FBF6001B7D87 = {
						CreatedOnToolsVersion = 12.0.1;
						TestTargetID = 8651931725C8FBF4001B7D87;
					};
					8651933825C8FBF6001B7D87 = {
						CreatedOnToolsVersion = 12.0.1;
						TestTargetID = 8651931725C8FBF4001B7D87;
					};
				};
			};
			buildConfigurationList = 8651931325C8FBF4001B7D87 /* Build configuration list for PBXProject "Bikin keranjang" */;
			compatibilityVersion = "Xcode 9.3";
			developmentRegion = en;
			hasScannedForEncodings = 0;
			knownRegions = (
				en,
				Base,
			);
			mainGroup = 8651930F25C8FBF4001B7D87;
			productRefGroup = 8651931925C8FBF4001B7D87 /* Products */;
			projectDirPath = "";
			projectRoot = "";
			targets = (
				8651931725C8FBF4001B7D87 /* Bikin keranjang */,
				8651932D25C8FBF6001B7D87 /* Bikin keranjangTests */,
				8651933825C8FBF6001B7D87 /* Bikin keranjangUITests */,
			);
		};
/* End PBXProject section */

/* Begin PBXResourcesBuildPhase section */
		8651931625C8FBF4001B7D87 /* Resources */ = {
			isa = PBXResourcesBuildPhase;
			buildActionMask = 2147483647;
			files = (
				8651932825C8FBF6001B7D87 /* LaunchScreen.storyboard in Resources */,
				8651932525C8FBF6001B7D87 /* Preview Assets.xcassets in Resources */,
				8651932225C8FBF6001B7D87 /* Assets.xcassets in Resources */,
			);
			runOnlyForDeploymentPostprocessing = 0;
		};
		8651932C25C8FBF6001B7D87 /* Resources */ = {
			isa = PBXResourcesBuildPhase;
			buildActionMask = 2147483647;
			files = (
			);
			runOnlyForDeploymentPostprocessing = 0;
		};
		8651933725C8FBF6001B7D87 /* Resources */ = {
			isa = PBXResourcesBuildPhase;
			buildActionMask = 2147483647;
			files = (
			);
			runOnlyForDeploymentPostprocessing = 0;
		};
/* End PBXResourcesBuildPhase section */

/* Begin PBXSourcesBuildPhase section */
		8651931425C8FBF4001B7D87 /* Sources */ = {
			isa = PBXSourcesBuildPhase;
			buildActionMask = 2147483647;
			files = (
				8651931C25C8FBF4001B7D87 /* AppDelegate.swift in Sources */,
				8651931E25C8FBF4001B7D87 /* SceneDelegate.swift in Sources */,
				8651932025C8FBF4001B7D87 /* ContentView.swift in Sources */,
			);
			runOnlyForDeploymentPostprocessing = 0;
		};
		8651932A25C8FBF6001B7D87 /* Sources */ = {
			isa = PBXSourcesBuildPhase;
			buildActionMask = 2147483647;
			files = (
			);
			runOnlyForDeploymentPostprocessing = 0;
		};
		8651933525C8FBF6001B7D87 /* Sources */ = {
			isa = PBXSourcesBuildPhase;
			buildActionMask = 2147483647;
			files = (
			);
			runOnlyForDeploymentPostprocessing = 0;
		};
/* End PBXSourcesBuildPhase section */

/* Begin PBXTargetDependency section */
		8651933025C8FBF6001B7D87 /* PBXTargetDependency */ = {
			isa = PBXTargetDependency;
			target = 8651931725C8FBF4001B7D87 /* Bikin keranjang */;
			targetProxy = 8651932F25C8FBF6001B7D87 /* PBXContainerItemProxy */;
		};
		8651933B25C8FBF6001B7D87 /* PBXTargetDependency */ = {
			isa = PBXTargetDependency;
			target = 8651931725C8FBF4001B7D87 /* Bikin keranjang */;
			targetProxy = 8651933A25C8FBF6001B7D87 /* PBXContainerItemProxy */;
		};
/* End PBXTargetDependency section */

/* Begin PBXVariantGroup section */
		8651932625C8FBF6001B7D87 /* LaunchScreen.storyboard */ = {
			isa = PBXVariantGroup;
			children = (
				8651932725C8FBF6001B7D87 /* Base */,
			);
			name = LaunchScreen.storyboard;
			sourceTree = "<group>";
		};
/* End PBXVariantGroup section */

/* Begin XCBuildConfiguration section */
		8651934025C8FBF6001B7D87 /* Debug */ = {
			isa = XCBuildConfiguration;
			buildSettings = {
				ALWAYS_SEARCH_USER_PATHS = NO;
				CLANG_ANALYZER_NONNULL = YES;
				CLANG_ANALYZER_NUMBER_OBJECT_CONVERSION = YES_AGGRESSIVE;
				CLANG_CXX_LANGUAGE_STANDARD = "gnu++14";
				CLANG_CXX_LIBRARY = "libc++";
				CLANG_ENABLE_MODULES = YES;
				CLANG_ENABLE_OBJC_ARC = YES;
				CLANG_ENABLE_OBJC_WEAK = YES;
				CLANG_WARN_BLOCK_CAPTURE_AUTORELEASING = YES;
				CLANG_WARN_BOOL_CONVERSION = YES;
				CLANG_WARN_COMMA = YES;
				CLANG_WARN_CONSTANT_CONVERSION = YES;
				CLANG_WARN_DEPRECATED_OBJC_IMPLEMENTATIONS = YES;
				CLANG_WARN_DIRECT_OBJC_ISA_USAGE = YES_ERROR;
				CLANG_WARN_DOCUMENTATION_COMMENTS = YES;
				CLANG_WARN_EMPTY_BODY = YES;
				CLANG_WARN_ENUM_CONVERSION = YES;
				CLANG_WARN_INFINITE_RECURSION = YES;
				CLANG_WARN_INT_CONVERSION = YES;
				CLANG_WARN_NON_LITERAL_NULL_CONVERSION = YES;
				CLANG_WARN_OBJC_IMPLICIT_RETAIN_SELF = YES;
				CLANG_WARN_OBJC_LITERAL_CONVERSION = YES;
				CLANG_WARN_OBJC_ROOT_CLASS = YES_ERROR;
				CLANG_WARN_QUOTED_INCLUDE_IN_FRAMEWORK_HEADER = YES;
				CLANG_WARN_RANGE_LOOP_ANALYSIS = YES;
				CLANG_WARN_STRICT_PROTOTYPES = YES;
				CLANG_WARN_SUSPICIOUS_MOVE = YES;
				CLANG_WARN_UNGUARDED_AVAILABILITY = YES_AGGRESSIVE;
				CLANG_WARN_UNREACHABLE_CODE = YES;
				CLANG_WARN__DUPLICATE_METHOD_MATCH = YES;
				COPY_PHASE_STRIP = NO;
				DEBUG_INFORMATION_FORMAT = dwarf;
				ENABLE_STRICT_OBJC_MSGSEND = YES;
				ENABLE_TESTABILITY = YES;
				GCC_C_LANGUAGE_STANDARD = gnu11;
				GCC_DYNAMIC_NO_PIC = NO;
				GCC_NO_COMMON_BLOCKS = YES;
				GCC_OPTIMIZATION_LEVEL = 0;
				GCC_PREPROCESSOR_DEFINITIONS = (
					"DEBUG=1",
					"$(inherited)",
				);
				GCC_WARN_64_TO_32_BIT_CONVERSION = YES;
				GCC_WARN_ABOUT_RETURN_TYPE = YES_ERROR;
				GCC_WARN_UNDECLARED_SELECTOR = YES;
				GCC_WARN_UNINITIALIZED_AUTOS = YES_AGGRESSIVE;
				GCC_WARN_UNUSED_FUNCTION = YES;
				GCC_WARN_UNUSED_VARIABLE = YES;
				IPHONEOS_DEPLOYMENT_TARGET = 14.0;
				MTL_ENABLE_DEBUG_INFO = INCLUDE_SOURCE;
				MTL_FAST_MATH = YES;
				ONLY_ACTIVE_ARCH = YES;
				SDKROOT = iphoneos;
				SWIFT_ACTIVE_COMPILATION_CONDITIONS = DEBUG;
				SWIFT_OPTIMIZATION_LEVEL = "-Onone";
			};
			name = Debug;
		};
		8651934125C8FBF6001B7D87 /* Release */ = {
			isa = XCBuildConfiguration;
			buildSettings = {
				ALWAYS_SEARCH_USER_PATHS = NO;
				CLANG_ANALYZER_NONNULL = YES;
				CLANG_ANALYZER_NUMBER_OBJECT_CONVERSION = YES_AGGRESSIVE;
				CLANG_CXX_LANGUAGE_STANDARD = "gnu++14";
				CLANG_CXX_LIBRARY = "libc++";
				CLANG_ENABLE_MODULES = YES;
				CLANG_ENABLE_OBJC_ARC = YES;
				CLANG_ENABLE_OBJC_WEAK = YES;
				CLANG_WARN_BLOCK_CAPTURE_AUTORELEASING = YES;
				CLANG_WARN_BOOL_CONVERSION = YES;
				CLANG_WARN_COMMA = YES;
				CLANG_WARN_CONSTANT_CONVERSION = YES;
				CLANG_WARN_DEPRECATED_OBJC_IMPLEMENTATIONS = YES;
				CLANG_WARN_DIRECT_OBJC_ISA_USAGE = YES_ERROR;
				CLANG_WARN_DOCUMENTATION_COMMENTS = YES;
				CLANG_WARN_EMPTY_BODY = YES;
				CLANG_WARN_ENUM_CONVERSION = YES;
				CLANG_WARN_INFINITE_RECURSION = YES;
				CLANG_WARN_INT_CONVERSION = YES;
				CLANG_WARN_NON_LITERAL_NULL_CONVERSION = YES;
				CLANG_WARN_OBJC_IMPLICIT_RETAIN_SELF = YES;
				CLANG_WARN_OBJC_LITERAL_CONVERSION = YES;
				CLANG_WARN_OBJC_ROOT_CLASS = YES_ERROR;
				CLANG_WARN_QUOTED_INCLUDE_IN_FRAMEWORK_HEADER = YES;
				CLANG_WARN_RANGE_LOOP_ANALYSIS = YES;
				CLANG_WARN_STRICT_PROTOTYPES = YES;
				CLANG_WARN_SUSPICIOUS_MOVE = YES;
				CLANG_WARN_UNGUARDED_AVAILABILITY = YES_AGGRESSIVE;
				CLANG_WARN_UNREACHABLE_CODE = YES;
				CLANG_WARN__DUPLICATE_METHOD_MATCH = YES;
				COPY_PHASE_STRIP = NO;
				DEBUG_INFORMATION_FORMAT = "dwarf-with-dsym";
				ENABLE_NS_ASSERTIONS = NO;
				ENABLE_STRICT_OBJC_MSGSEND = YES;
				GCC_C_LANGUAGE_STANDARD = gnu11;
				GCC_NO_COMMON_BLOCKS = YES;
				GCC_WARN_64_TO_32_BIT_CONVERSION = YES;
				GCC_WARN_ABOUT_RETURN_TYPE = YES_ERROR;
				GCC_WARN_UNDECLARED_SELECTOR = YES;
				GCC_WARN_UNINITIALIZED_AUTOS = YES_AGGRESSIVE;
				GCC_WARN_UNUSED_FUNCTION = YES;
				GCC_WARN_UNUSED_VARIABLE = YES;
				IPHONEOS_DEPLOYMENT_TARGET = 14.0;
				MTL_ENABLE_DEBUG_INFO = NO;
				MTL_FAST_MATH = YES;
				SDKROOT = iphoneos;
				SWIFT_COMPILATION_MODE = wholemodule;
				SWIFT_OPTIMIZATION_LEVEL = "-O";
				VALIDATE_PRODUCT = YES;
			};
			name = Release;
		};
		8651934325C8FBF6001B7D87 /* Debug */ = {
			isa = XCBuildConfiguration;
			buildSettings = {
				ASSETCATALOG_COMPILER_APPICON_NAME = AppIcon;
				ASSETCATALOG_COMPILER_GLOBAL_ACCENT_COLOR_NAME = AccentColor;
				CODE_SIGN_STYLE = Automatic;
				DEVELOPMENT_ASSET_PATHS = "\"Bikin keranjang/Preview Content\"";
				ENABLE_PREVIEWS = YES;
				INFOPLIST_FILE = "Bikin keranjang/Info.plist";
				LD_RUNPATH_SEARCH_PATHS = (
					"$(inherited)",
					"@executable_path/Frameworks",
				);
				PRODUCT_BUNDLE_IDENTIFIER = "RPL-A.Bikin-keranjang";
				PRODUCT_NAME = "$(TARGET_NAME)";
				SWIFT_VERSION = 5.0;
				TARGETED_DEVICE_FAMILY = "1,2";
			};
			name = Debug;
		};
		8651934425C8FBF6001B7D87 /* Release */ = {
			isa = XCBuildConfiguration;
			buildSettings = {
				ASSETCATALOG_COMPILER_APPICON_NAME = AppIcon;
				ASSETCATALOG_COMPILER_GLOBAL_ACCENT_COLOR_NAME = AccentColor;
				CODE_SIGN_STYLE = Automatic;
				DEVELOPMENT_ASSET_PATHS = "\"Bikin keranjang/Preview Content\"";
				ENABLE_PREVIEWS = YES;
				INFOPLIST_FILE = "Bikin keranjang/Info.plist";
				LD_RUNPATH_SEARCH_PATHS = (
					"$(inherited)",
					"@executable_path/Frameworks",
				);
				PRODUCT_BUNDLE_IDENTIFIER = "RPL-A.Bikin-keranjang";
				PRODUCT_NAME = "$(TARGET_NAME)";
				SWIFT_VERSION = 5.0;
				TARGETED_DEVICE_FAMILY = "1,2";
			};
			name = Release;
		};
		8651934625C8FBF6001B7D87 /* Debug */ = {
			isa = XCBuildConfiguration;
			buildSettings = {
				ALWAYS_EMBED_SWIFT_STANDARD_LIBRARIES = YES;
				BUNDLE_LOADER = "$(TEST_HOST)";
				CODE_SIGN_STYLE = Automatic;
				INFOPLIST_FILE = "Bikin keranjangTests/Info.plist";
				IPHONEOS_DEPLOYMENT_TARGET = 14.0;
				LD_RUNPATH_SEARCH_PATHS = (
					"$(inherited)",
					"@executable_path/Frameworks",
					"@loader_path/Frameworks",
				);
				PRODUCT_BUNDLE_IDENTIFIER = "RPL-A.Bikin-keranjangTests";
				PRODUCT_NAME = "$(TARGET_NAME)";
				SWIFT_VERSION = 5.0;
				TARGETED_DEVICE_FAMILY = "1,2";
				TEST_HOST = "$(BUILT_PRODUCTS_DIR)/Bikin keranjang.app/Bikin keranjang";
			};
			name = Debug;
		};
		8651934725C8FBF6001B7D87 /* Release */ = {
			isa = XCBuildConfiguration;
			buildSettings = {
				ALWAYS_EMBED_SWIFT_STANDARD_LIBRARIES = YES;
				BUNDLE_LOADER = "$(TEST_HOST)";
				CODE_SIGN_STYLE = Automatic;
				INFOPLIST_FILE = "Bikin keranjangTests/Info.plist";
				IPHONEOS_DEPLOYMENT_TARGET = 14.0;
				LD_RUNPATH_SEARCH_PATHS = (
					"$(inherited)",
					"@executable_path/Frameworks",
					"@loader_path/Frameworks",
				);
				PRODUCT_BUNDLE_IDENTIFIER = "RPL-A.Bikin-keranjangTests";
				PRODUCT_NAME = "$(TARGET_NAME)";
				SWIFT_VERSION = 5.0;
				TARGETED_DEVICE_FAMILY = "1,2";
				TEST_HOST = "$(BUILT_PRODUCTS_DIR)/Bikin keranjang.app/Bikin keranjang";
			};
			name = Release;
		};
		8651934925C8FBF6001B7D87 /* Debug */ = {
			isa = XCBuildConfiguration;
			buildSettings = {
				ALWAYS_EMBED_SWIFT_STANDARD_LIBRARIES = YES;
				CODE_SIGN_STYLE = Automatic;
				INFOPLIST_FILE = "Bikin keranjangUITests/Info.plist";
				LD_RUNPATH_SEARCH_PATHS = (
					"$(inherited)",
					"@executable_path/Frameworks",
					"@loader_path/Frameworks",
				);
				PRODUCT_BUNDLE_IDENTIFIER = "RPL-A.Bikin-keranjangUITests";
				PRODUCT_NAME = "$(TARGET_NAME)";
				SWIFT_VERSION = 5.0;
				TARGETED_DEVICE_FAMILY = "1,2";
				TEST_TARGET_NAME = "Bikin keranjang";
			};
			name = Debug;
		};
		8651934A25C8FBF6001B7D87 /* Release */ = {
			isa = XCBuildConfiguration;
			buildSettings = {
				ALWAYS_EMBED_SWIFT_STANDARD_LIBRARIES = YES;
				CODE_SIGN_STYLE = Automatic;
				INFOPLIST_FILE = "Bikin keranjangUITests/Info.plist";
				LD_RUNPATH_SEARCH_PATHS = (
					"$(inherited)",
					"@executable_path/Frameworks",
					"@loader_path/Frameworks",
				);
				PRODUCT_BUNDLE_IDENTIFIER = "RPL-A.Bikin-keranjangUITests";
				PRODUCT_NAME = "$(TARGET_NAME)";
				SWIFT_VERSION = 5.0;
				TARGETED_DEVICE_FAMILY = "1,2";
				TEST_TARGET_NAME = "Bikin keranjang";
			};
			name = Release;
		};
/* End XCBuildConfiguration section */

/* Begin XCConfigurationList section */
		8651931325C8FBF4001B7D87 /* Build configuration list for PBXProject "Bikin keranjang" */ = {
			isa = XCConfigurationList;
			buildConfigurations = (
				8651934025C8FBF6001B7D87 /* Debug */,
				8651934125C8FBF6001B7D87 /* Release */,
			);
			defaultConfigurationIsVisible = 0;
			defaultConfigurationName = Release;
		};
		8651934225C8FBF6001B7D87 /* Build configuration list for PBXNativeTarget "Bikin keranjang" */ = {
			isa = XCConfigurationList;
			buildConfigurations = (
				8651934325C8FBF6001B7D87 /* Debug */,
				8651934425C8FBF6001B7D87 /* Release */,
			);
			defaultConfigurationIsVisible = 0;
			defaultConfigurationName = Release;
		};
		8651934525C8FBF6001B7D87 /* Build configuration list for PBXNativeTarget "Bikin keranjangTests" */ = {
			isa = XCConfigurationList;
			buildConfigurations = (
				8651934625C8FBF6001B7D87 /* Debug */,
				8651934725C8FBF6001B7D87 /* Release */,
			);
			defaultConfigurationIsVisible = 0;
			defaultConfigurationName = Release;
		};
		8651934825C8FBF6001B7D87 /* Build configuration list for PBXNativeTarget "Bikin keranjangUITests" */ = {
			isa = XCConfigurationList;
			buildConfigurations = (
				8651934925C8FBF6001B7D87 /* Debug */,
				8651934A25C8FBF6001B7D87 /* Release */,
			);
			defaultConfigurationIsVisible = 0;
			defaultConfigurationName = Release;
		};
/* End XCConfigurationList section */
	};
	rootObject = 8651931025C8FBF4001B7D87 /* Project object */;
}
